
Microsoft Visual Studio Solution File, Format Version 12.00
# Visual Studio Version 17
VisualStudioVersion = 17.4.33213.308
MinimumVisualStudioVersion = 10.0.40219.1
Project("{FAE04EC0-301F-11D3-BF4B-00C04F79EFBC}") = "MVCStructure_2022", "MVCStructure_2022\MVCStructure_2022.csproj", "{4173F45D-74D2-4D98-8D37-934771FB27E5}"
EndProject
Global
	GlobalSection(SolutionConfigurationPlatforms) = preSolution
		Debug|Any CPU = Debug|Any CPU
		Release|Any CPU = Release|Any CPU
	EndGlobalSection
	GlobalSection(ProjectConfigurationPlatforms) = postSolution
		{4173F45D-74D2-4D98-8D37-934771FB27E5}.Debug|Any CPU.ActiveCfg = Debug|Any CPU
		{4173F45D-74D2-4D98-8D37-934771FB27E5}.Debug|Any CPU.Build.0 = Debug|Any CPU
		{4173F45D-74D2-4D98-8D37-934771FB27E5}.Release|Any CPU.ActiveCfg = Release|Any CPU
		{4173F45D-74D2-4D98-8D37-934771FB27E5}.Release|Any CPU.Build.0 = Release|Any CPU
	EndGlobalSection
	GlobalSection(SolutionProperties) = preSolution
		HideSolutionNode = FALSE
	EndGlobalSection
	GlobalSection(ExtensibilityGlobals) = postSolution
		SolutionGuid = {1520B781-FD2A-44E6-9E5D-A004F782ECCB}
	EndGlobalSection
EndGlobal
