
Microsoft Visual Studio Solution File, Format Version 12.00
# Visual Studio Version 17
VisualStudioVersion = 17.7.34031.279
MinimumVisualStudioVersion = 10.0.40219.1
Project("{FAE04EC0-301F-11D3-BF4B-00C04F79EFBC}") = "StarterProject", "StarterProject\StarterProject.csproj", "{24BB9D9F-7E16-4904-9E71-4E32CDED30BC}"
EndProject
Global
	GlobalSection(SolutionConfigurationPlatforms) = preSolution
		Debug|Any CPU = Debug|Any CPU
		Release|Any CPU = Release|Any CPU
	EndGlobalSection
	GlobalSection(ProjectConfigurationPlatforms) = postSolution
		{24BB9D9F-7E16-4904-9E71-4E32CDED30BC}.Debug|Any CPU.ActiveCfg = Debug|Any CPU
		{24BB9D9F-7E16-4904-9E71-4E32CDED30BC}.Debug|Any CPU.Build.0 = Debug|Any CPU
		{24BB9D9F-7E16-4904-9E71-4E32CDED30BC}.Release|Any CPU.ActiveCfg = Release|Any CPU
		{24BB9D9F-7E16-4904-9E71-4E32CDED30BC}.Release|Any CPU.Build.0 = Release|Any CPU
	EndGlobalSection
	GlobalSection(SolutionProperties) = preSolution
		HideSolutionNode = FALSE
	EndGlobalSection
	GlobalSection(ExtensibilityGlobals) = postSolution
		SolutionGuid = {882041EB-1896-4B39-84A1-E72F75AC6599}
	EndGlobalSection
EndGlobal
